
Microsoft Visual Studio Solution File, Format Version 12.00
# Visual Studio Version 17
VisualStudioVersion = 17.1.32414.318
MinimumVisualStudioVersion = 10.0.40219.1
Project("{FAE04EC0-301F-11D3-BF4B-00C04F79EFBC}") = "Modules Replacer", "Modules Replacer.csproj", "{B13364C3-CA79-4DC2-B84F-C3E5C3F97EE4}"
EndProject
Global
	GlobalSection(SolutionConfigurationPlatforms) = preSolution
		Debug|Any CPU = Debug|Any CPU
		Debug|x64 = Debug|x64
		Release|Any CPU = Release|Any CPU
		Release|x64 = Release|x64
	EndGlobalSection
	GlobalSection(ProjectConfigurationPlatforms) = postSolution
		{B13364C3-CA79-4DC2-B84F-C3E5C3F97EE4}.Debug|Any CPU.ActiveCfg = Debug|Any CPU
		{B13364C3-CA79-4DC2-B84F-C3E5C3F97EE4}.Debug|Any CPU.Build.0 = Debug|Any CPU
		{B13364C3-CA79-4DC2-B84F-C3E5C3F97EE4}.Debug|x64.ActiveCfg = Debug|x64
		{B13364C3-CA79-4DC2-B84F-C3E5C3F97EE4}.Debug|x64.Build.0 = Debug|x64
		{B13364C3-CA79-4DC2-B84F-C3E5C3F97EE4}.Release|Any CPU.ActiveCfg = Release|Any CPU
		{B13364C3-CA79-4DC2-B84F-C3E5C3F97EE4}.Release|Any CPU.Build.0 = Release|Any CPU
		{B13364C3-CA79-4DC2-B84F-C3E5C3F97EE4}.Release|x64.ActiveCfg = Release|x64
		{B13364C3-CA79-4DC2-B84F-C3E5C3F97EE4}.Release|x64.Build.0 = Release|x64
	EndGlobalSection
	GlobalSection(SolutionProperties) = preSolution
		HideSolutionNode = FALSE
	EndGlobalSection
	GlobalSection(ExtensibilityGlobals) = postSolution
		SolutionGuid = {B59D68C9-D81E-462F-9A42-323A27EB3CCA}
	EndGlobalSection
EndGlobal
